<?xml version="1.0" encoding="utf-8"?>
<Project ToolsVersion="4.0" xmlns="http://schemas.microsoft.com/developer/msbuild/2003">
  <ItemGroup>
    <Filter Include="Source Files">
      <UniqueIdentifier>{4FC737F1-C7A5-4376-A066-2A32D752A2FF}</UniqueIdentifier>
      <Extensions>cpp;c;cc;cxx;def;odl;idl;hpj;bat;asm;asmx</Extensions>
    </Filter>
    <Filter Include="Header Files">
      <UniqueIdentifier>{93995380-89BD-4b04-88EB-625FBE52EBFB}</UniqueIdentifier>
      <Extensions>h;hh;hpp;hxx;hm;inl;inc;ipp;xsd</Extensions>
    </Filter>
    <Filter Include="Resource Files">
      <UniqueIdentifier>{67DA6AB6-F800-4c08-8B7A-83BB121AAD01}</UniqueIdentifier>
      <Extensions>rc;ico;cur;bmp;dlg;rc2;rct;bin;rgs;gif;jpg;jpeg;jpe;resx;tiff;tif;png;wav;mfcribbon-ms</Extensions>
    </Filter>
    <Filter Include="GraphicsLibrary">
      <UniqueIdentifier>{b2548b62-3076-43b7-b552-7f7c000783b0}</UniqueIdentifier>
    </Filter>
    <Filter Include="ImGui">
      <UniqueIdentifier>{1d5b96c2-af90-42b4-a6f6-ace1a7b67551}</UniqueIdentifier>
    </Filter>
    <Filter Include="Shaders">
      <UniqueIdentifier>{d542ea8a-4adc-4bf4-bfd5-ff1ae6c22926}</UniqueIdentifier>
    </Filter>
  </ItemGroup>
  <ItemGroup>
    <ClCompile Include="Source.cpp">
      <Filter>Source Files</Filter>
    </ClCompile>
    <ClCompile Include="Object.cpp">
      <Filter>Source Files</Filter>
    </ClCompile>
    <ClCompile Include="..\..\..\Src\Init.cpp">
      <Filter>GraphicsLibrary</Filter>
    </ClCompile>
    <ClCompile Include="..\..\..\Src\Input.cpp">
      <Filter>GraphicsLibrary</Filter>
    </ClCompile>
    <ClCompile Include="..\..\..\Src\Maths.cpp">
      <Filter>GraphicsLibrary</Filter>
    </ClCompile>
    <ClCompile Include="..\..\..\Src\Mesh.cpp">
      <Filter>GraphicsLibrary</Filter>
    </ClCompile>
    <ClCompile Include="..\..\..\Src\Shader.cpp">
      <Filter>GraphicsLibrary</Filter>
    </ClCompile>
    <ClCompile Include="..\..\..\Src\VertexBuffer.cpp">
      <Filter>GraphicsLibrary</Filter>
    </ClCompile>
    <ClCompile Include="..\..\..\Src\Camera.cpp">
      <Filter>GraphicsLibrary</Filter>
    </ClCompile>
    <ClCompile Include="..\..\..\Src\Error.cpp">
      <Filter>GraphicsLibrary</Filter>
    </ClCompile>
    <ClCompile Include="..\..\..\Src\GlCall.cpp">
      <Filter>GraphicsLibrary</Filter>
    </ClCompile>
    <ClCompile Include="..\..\..\Src\IndexBuffer.cpp">
      <Filter>GraphicsLibrary</Filter>
    </ClCompile>
    <ClCompile Include="..\..\..\Libs\imgui\imgui.cpp">
      <Filter>ImGui</Filter>
    </ClCompile>
    <ClCompile Include="..\..\..\Libs\imgui\imgui_demo.cpp">
      <Filter>ImGui</Filter>
    </ClCompile>
    <ClCompile Include="..\..\..\Libs\imgui\imgui_draw.cpp">
      <Filter>ImGui</Filter>
    </ClCompile>
    <ClCompile Include="..\..\..\Libs\imgui\imgui_widgets.cpp">
      <Filter>ImGui</Filter>
    </ClCompile>
    <ClCompile Include="..\..\..\Libs\imgui\examples\imgui_impl_glfw.cpp">
      <Filter>ImGui</Filter>
    </ClCompile>
    <ClCompile Include="..\..\..\Libs\imgui\examples\imgui_impl_opengl3.cpp">
      <Filter>ImGui</Filter>
    </ClCompile>
  </ItemGroup>
  <ItemGroup>
    <ClInclude Include="Source.h">
      <Filter>Header Files</Filter>
    </ClInclude>
    <ClInclude Include="Object.h">
      <Filter>Header Files</Filter>
    </ClInclude>
    <ClInclude Include="..\..\..\Src\Init.h">
      <Filter>GraphicsLibrary</Filter>
    </ClInclude>
    <ClInclude Include="..\..\..\Src\Input.h">
      <Filter>GraphicsLibrary</Filter>
    </ClInclude>
    <ClInclude Include="..\..\..\Src\Maths.h">
      <Filter>GraphicsLibrary</Filter>
    </ClInclude>
    <ClInclude Include="..\..\..\Src\Mesh.h">
      <Filter>GraphicsLibrary</Filter>
    </ClInclude>
    <ClInclude Include="..\..\..\Src\Shader.h">
      <Filter>GraphicsLibrary</Filter>
    </ClInclude>
    <ClInclude Include="..\..\..\Src\VertexBuffer.h">
      <Filter>GraphicsLibrary</Filter>
    </ClInclude>
    <ClInclude Include="..\..\..\Src\Camera.h">
      <Filter>GraphicsLibrary</Filter>
    </ClInclude>
    <ClInclude Include="..\..\..\Src\Error.h">
      <Filter>GraphicsLibrary</Filter>
    </ClInclude>
    <ClInclude Include="..\..\..\Src\GlCall.h">
      <Filter>GraphicsLibrary</Filter>
    </ClInclude>
    <ClInclude Include="..\..\..\Src\GraphicsLibrary.h">
      <Filter>GraphicsLibrary</Filter>
    </ClInclude>
    <ClInclude Include="..\..\..\Src\IndexBuffer.h">
      <Filter>GraphicsLibrary</Filter>
    </ClInclude>
    <ClInclude Include="..\..\..\Libs\imgui\imgui.h">
      <Filter>ImGui</Filter>
    </ClInclude>
    <ClInclude Include="..\..\..\Libs\imgui\imgui_internal.h">
      <Filter>ImGui</Filter>
    </ClInclude>
    <ClInclude Include="..\..\..\Libs\imgui\imstb_rectpack.h">
      <Filter>ImGui</Filter>
    </ClInclude>
    <ClInclude Include="..\..\..\Libs\imgui\imstb_textedit.h">
      <Filter>ImGui</Filter>
    </ClInclude>
    <ClInclude Include="..\..\..\Libs\imgui\imstb_truetype.h">
      <Filter>ImGui</Filter>
    </ClInclude>
    <ClInclude Include="..\..\..\Libs\imgui\imconfig.h">
      <Filter>ImGui</Filter>
    </ClInclude>
    <ClInclude Include="..\..\..\Libs\imgui\examples\imgui_impl_glfw.h">
      <Filter>ImGui</Filter>
    </ClInclude>
    <ClInclude Include="..\..\..\Libs\imgui\examples\imgui_impl_opengl3.h">
      <Filter>ImGui</Filter>
    </ClInclude>
  </ItemGroup>
  <ItemGroup>
    <None Include="..\Shaders\MeshFs.glsl">
      <Filter>Shaders</Filter>
    </None>
    <None Include="..\Shaders\MeshVs.glsl">
      <Filter>Shaders</Filter>
    </None>
    <None Include="..\..\..\DefaultShaders\LineFs.glsl">
      <Filter>Shaders</Filter>
    </None>
    <None Include="..\..\..\DefaultShaders\LineVs.glsl">
      <Filter>Shaders</Filter>
    </None>
    <None Include="ClassDiagram.cd" />
    <None Include="ClassDiagram1.cd" />
  </ItemGroup>
</Project>